
Microsoft Visual Studio Solution File, Format Version 12.00
# Visual Studio Version 16
VisualStudioVersion = 16.0.29201.188
MinimumVisualStudioVersion = 10.0.40219.1
Project("{8BC9CEB8-8B4A-11D0-8D11-00A0C91BC942}") = "MathLibrary", "MathLibrary\MathLibrary.vcxproj", "{E338E17F-1BD3-468D-A6D0-5332C780A741}"
EndProject
Global
	GlobalSection(SolutionConfigurationPlatforms) = preSolution
		Debug|x64 = Debug|x64
		Debug|x86 = Debug|x86
		Release|x64 = Release|x64
		Release|x86 = Release|x86
	EndGlobalSection
	GlobalSection(ProjectConfigurationPlatforms) = postSolution
		{E338E17F-1BD3-468D-A6D0-5332C780A741}.Debug|x64.ActiveCfg = Debug|x64
		{E338E17F-1BD3-468D-A6D0-5332C780A741}.Debug|x64.Build.0 = Debug|x64
		{E338E17F-1BD3-468D-A6D0-5332C780A741}.Debug|x86.ActiveCfg = Debug|Win32
		{E338E17F-1BD3-468D-A6D0-5332C780A741}.Debug|x86.Build.0 = Debug|Win32
		{E338E17F-1BD3-468D-A6D0-5332C780A741}.Release|x64.ActiveCfg = Release|x64
		{E338E17F-1BD3-468D-A6D0-5332C780A741}.Release|x64.Build.0 = Release|x64
		{E338E17F-1BD3-468D-A6D0-5332C780A741}.Release|x86.ActiveCfg = Release|Win32
		{E338E17F-1BD3-468D-A6D0-5332C780A741}.Release|x86.Build.0 = Release|Win32
	EndGlobalSection
	GlobalSection(SolutionProperties) = preSolution
		HideSolutionNode = FALSE
	EndGlobalSection
	GlobalSection(ExtensibilityGlobals) = postSolution
		SolutionGuid = {1EC0BB79-DF63-453B-9016-C570C5709CAB}
	EndGlobalSection
EndGlobal
